PackratFormat: 1.4
PackratVersion: 0.4.8.1
RVersion: 3.3.2
Repos: CRAN=https://cran.rstudio.com/

Package: MCMCpack
Source: CRAN
Version: 1.3-9
Hash: 513db487433fd486142fbada098e82a4
Requires: coda, mcmc, quantreg

Package: MatrixModels
Source: CRAN
Version: 0.4-1
Hash: 60a5c75e57aae4a0ce76cb7422939aaf

Package: SparseM
Source: CRAN
Version: 1.77
Hash: 08f1f60e1038957030bcd9f4a58d22d8

Package: coda
Source: CRAN
Version: 0.19-1
Hash: e5aff7792ef292cd4306e58e25e403fe

Package: mcmc
Source: CRAN
Version: 0.9-5
Hash: 83a0dcaeb047387365d9143c3febb2e8

Package: mvtnorm
Source: CRAN
Version: 1.0-6
Hash: 1f55cdac387721d4eda1126ac9aba73b

Package: packrat
Source: CRAN
Version: 0.4.8-1
Hash: 6ad605ba7b4b476d84be6632393f5765

Package: quantreg
Source: CRAN
Version: 5.33
Hash: 30421e83e9d36563250019b6b2adafce
Requires: MatrixModels, SparseM
